// !$*UTF8*$!
{
	archiveVersion = 1;
	classes = {
	};
	objectVersion = 55;
	objects = {

/* Begin PBXBuildFile section */
		FA5FA914287E278500866FB9 /* SearchCity.swift in Sources */ = {isa = PBXBuildFile; fileRef = FA5FA913287E278500866FB9 /* SearchCity.swift */; };
		FACB71EE286344B000239A61 /* apiWeatherApp.swift in Sources */ = {isa = PBXBuildFile; fileRef = FACB71ED286344B000239A61 /* apiWeatherApp.swift */; };
		FACB71F0286344B000239A61 /* ContentView.swift in Sources */ = {isa = PBXBuildFile; fileRef = FACB71EF286344B000239A61 /* ContentView.swift */; };
		FACB71F2286344B300239A61 /* Assets.xcassets in Resources */ = {isa = PBXBuildFile; fileRef = FACB71F1286344B300239A61 /* Assets.xcassets */; };
		FACB71F5286344B300239A61 /* Preview Assets.xcassets in Resources */ = {isa = PBXBuildFile; fileRef = FACB71F4286344B300239A61 /* Preview Assets.xcassets */; };
		FAFD9C062868AB0600CE8BE1 /* API.swift in Sources */ = {isa = PBXBuildFile; fileRef = FAFD9C052868AB0600CE8BE1 /* API.swift */; };
		FAFD9C0A2869076700CE8BE1 /* CityView.swift in Sources */ = {isa = PBXBuildFile; fileRef = FAFD9C092869076700CE8BE1 /* CityView.swift */; };
/* End PBXBuildFile section */

/* Begin PBXContainerItemProxy section */
		FACB71FB286344B300239A61 /* PBXContainerItemProxy */ = {
			isa = PBXContainerItemProxy;
			containerPortal = FACB71E2286344B000239A61 /* Project object */;
			proxyType = 1;
			remoteGlobalIDString = FACB71E9286344B000239A61;
			remoteInfo = apiWeather;
		};
		FACB7205286344B300239A61 /* PBXContainerItemProxy */ = {
			isa = PBXContainerItemProxy;
			containerPortal = FACB71E2286344B000239A61 /* Project object */;
			proxyType = 1;
			remoteGlobalIDString = FACB71E9286344B000239A61;
			remoteInfo = apiWeather;
		};
/* End PBXContainerItemProxy section */

/* Begin PBXFileReference section */
		FA5FA913287E278500866FB9 /* SearchCity.swift */ = {isa = PBXFileReference; lastKnownFileType = sourcecode.swift; path = SearchCity.swift; sourceTree = "<group>"; };
		FACB71EA286344B000239A61 /* apiWeather.app */ = {isa = PBXFileReference; explicitFileType = wrapper.application; includeInIndex = 0; path = apiWeather.app; sourceTree = BUILT_PRODUCTS_DIR; };
		FACB71ED286344B000239A61 /* apiWeatherApp.swift */ = {isa = PBXFileReference; lastKnownFileType = sourcecode.swift; path = apiWeatherApp.swift; sourceTree = "<group>"; };
		FACB71EF286344B000239A61 /* ContentView.swift */ = {isa = PBXFileReference; lastKnownFileType = sourcecode.swift; path = ContentView.swift; sourceTree = "<group>"; usesTabs = 1; };
		FACB71F1286344B300239A61 /* Assets.xcassets */ = {isa = PBXFileReference; lastKnownFileType = folder.assetcatalog; path = Assets.xcassets; sourceTree = "<group>"; };
		FACB71F4286344B300239A61 /* Preview Assets.xcassets */ = {isa = PBXFileReference; lastKnownFileType = folder.assetcatalog; path = "Preview Assets.xcassets"; sourceTree = "<group>"; };
		FACB71FA286344B300239A61 /* apiWeatherTests.xctest */ = {isa = PBXFileReference; explicitFileType = wrapper.cfbundle; includeInIndex = 0; path = apiWeatherTests.xctest; sourceTree = BUILT_PRODUCTS_DIR; };
		FACB7204286344B300239A61 /* apiWeatherUITests.xctest */ = {isa = PBXFileReference; explicitFileType = wrapper.cfbundle; includeInIndex = 0; path = apiWeatherUITests.xctest; sourceTree = BUILT_PRODUCTS_DIR; };
		FAFD9C052868AB0600CE8BE1 /* API.swift */ = {isa = PBXFileReference; lastKnownFileType = sourcecode.swift; path = API.swift; sourceTree = "<group>"; };
		FAFD9C092869076700CE8BE1 /* CityView.swift */ = {isa = PBXFileReference; lastKnownFileType = sourcecode.swift; path = CityView.swift; sourceTree = "<group>"; };
/* End PBXFileReference section */

/* Begin PBXFrameworksBuildPhase section */
		FACB71E7286344B000239A61 /* Frameworks */ = {
			isa = PBXFrameworksBuildPhase;
			buildActionMask = 2147483647;
			files = (
			);
			runOnlyForDeploymentPostprocessing = 0;
		};
		FACB71F7286344B300239A61 /* Frameworks */ = {
			isa = PBXFrameworksBuildPhase;
			buildActionMask = 2147483647;
			files = (
			);
			runOnlyForDeploymentPostprocessing = 0;
		};
		FACB7201286344B300239A61 /* Frameworks */ = {
			isa = PBXFrameworksBuildPhase;
			buildActionMask = 2147483647;
			files = (
			);
			runOnlyForDeploymentPostprocessing = 0;
		};
/* End PBXFrameworksBuildPhase section */

/* Begin PBXGroup section */
		FACB71E1286344B000239A61 = {
			isa = PBXGroup;
			children = (
				FACB71EC286344B000239A61 /* apiWeather */,
				FACB71EB286344B000239A61 /* Products */,
			);
			sourceTree = "<group>";
		};
		FACB71EB286344B000239A61 /* Products */ = {
			isa = PBXGroup;
			children = (
				FACB71EA286344B000239A61 /* apiWeather.app */,
				FACB71FA286344B300239A61 /* apiWeatherTests.xctest */,
				FACB7204286344B300239A61 /* apiWeatherUITests.xctest */,
			);
			name = Products;
			sourceTree = "<group>";
		};
		FACB71EC286344B000239A61 /* apiWeather */ = {
			isa = PBXGroup;
			children = (
				FACB71ED286344B000239A61 /* apiWeatherApp.swift */,
				FACB71EF286344B000239A61 /* ContentView.swift */,
				FAFD9C092869076700CE8BE1 /* CityView.swift */,
				FA5FA913287E278500866FB9 /* SearchCity.swift */,
				FAFD9C052868AB0600CE8BE1 /* API.swift */,
				FACB71F1286344B300239A61 /* Assets.xcassets */,
				FACB71F3286344B300239A61 /* Preview Content */,
			);
			path = apiWeather;
			sourceTree = "<group>";
		};
		FACB71F3286344B300239A61 /* Preview Content */ = {
			isa = PBXGroup;
			children = (
				FACB71F4286344B300239A61 /* Preview Assets.xcassets */,
			);
			path = "Preview Content";
			sourceTree = "<group>";
		};
/* End PBXGroup section */

/* Begin PBXNativeTarget section */
		FACB71E9286344B000239A61 /* apiWeather */ = {
			isa = PBXNativeTarget;
			buildConfigurationList = FACB720E286344B300239A61 /* Build configuration list for PBXNativeTarget "apiWeather" */;
			buildPhases = (
				FACB71E6286344B000239A61 /* Sources */,
				FACB71E7286344B000239A61 /* Frameworks */,
				FACB71E8286344B000239A61 /* Resources */,
			);
			buildRules = (
			);
			dependencies = (
			);
			name = apiWeather;
			productName = apiWeather;
			productReference = FACB71EA286344B000239A61 /* apiWeather.app */;
			productType = "com.apple.product-type.application";
		};
		FACB71F9286344B300239A61 /* apiWeatherTests */ = {
			isa = PBXNativeTarget;
			buildConfigurationList = FACB7211286344B300239A61 /* Build configuration list for PBXNativeTarget "apiWeatherTests" */;
			buildPhases = (
				FACB71F6286344B300239A61 /* Sources */,
				FACB71F7286344B300239A61 /* Frameworks */,
				FACB71F8286344B300239A61 /* Resources */,
			);
			buildRules = (
			);
			dependencies = (
				FACB71FC286344B300239A61 /* PBXTargetDependency */,
			);
			name = apiWeatherTests;
			productName = apiWeatherTests;
			productReference = FACB71FA286344B300239A61 /* apiWeatherTests.xctest */;
			productType = "com.apple.product-type.bundle.unit-test";
		};
		FACB7203286344B300239A61 /* apiWeatherUITests */ = {
			isa = PBXNativeTarget;
			buildConfigurationList = FACB7214286344B300239A61 /* Build configuration list for PBXNativeTarget "apiWeatherUITests" */;
			buildPhases = (
				FACB7200286344B300239A61 /* Sources */,
				FACB7201286344B300239A61 /* Frameworks */,
				FACB7202286344B300239A61 /* Resources */,
			);
			buildRules = (
			);
			dependencies = (
				FACB7206286344B300239A61 /* PBXTargetDependency */,
			);
			name = apiWeatherUITests;
			productName = apiWeatherUITests;
			productReference = FACB7204286344B300239A61 /* apiWeatherUITests.xctest */;
			productType = "com.apple.product-type.bundle.ui-testing";
		};
/* End PBXNativeTarget section */

/* Begin PBXProject section */
		FACB71E2286344B000239A61 /* Project object */ = {
			isa = PBXProject;
			attributes = {
				BuildIndependentTargetsInParallel = 1;
				LastSwiftUpdateCheck = 1330;
				LastUpgradeCheck = 1330;
				TargetAttributes = {
					FACB71E9286344B000239A61 = {
						CreatedOnToolsVersion = 13.3.1;
					};
					FACB71F9286344B300239A61 = {
						CreatedOnToolsVersion = 13.3.1;
						TestTargetID = FACB71E9286344B000239A61;
					};
					FACB7203286344B300239A61 = {
						CreatedOnToolsVersion = 13.3.1;
						TestTargetID = FACB71E9286344B000239A61;
					};
				};
			};
			buildConfigurationList = FACB71E5286344B000239A61 /* Build configuration list for PBXProject "apiWeather" */;
			compatibilityVersion = "Xcode 13.0";
			developmentRegion = en;
			hasScannedForEncodings = 0;
			knownRegions = (
				en,
				Base,
			);
			mainGroup = FACB71E1286344B000239A61;
			productRefGroup = FACB71EB286344B000239A61 /* Products */;
			projectDirPath = "";
			projectRoot = "";
			targets = (
				FACB71E9286344B000239A61 /* apiWeather */,
				FACB71F9286344B300239A61 /* apiWeatherTests */,
				FACB7203286344B300239A61 /* apiWeatherUITests */,
			);
		};
/* End PBXProject section */

/* Begin PBXResourcesBuildPhase section */
		FACB71E8286344B000239A61 /* Resources */ = {
			isa = PBXResourcesBuildPhase;
			buildActionMask = 2147483647;
			files = (
				FACB71F5286344B300239A61 /* Preview Assets.xcassets in Resources */,
				FACB71F2286344B300239A61 /* Assets.xcassets in Resources */,
			);
			runOnlyForDeploymentPostprocessing = 0;
		};
		FACB71F8286344B300239A61 /* Resources */ = {
			isa = PBXResourcesBuildPhase;
			buildActionMask = 2147483647;
			files = (
			);
			runOnlyForDeploymentPostprocessing = 0;
		};
		FACB7202286344B300239A61 /* Resources */ = {
			isa = PBXResourcesBuildPhase;
			buildActionMask = 2147483647;
			files = (
			);
			runOnlyForDeploymentPostprocessing = 0;
		};
/* End PBXResourcesBuildPhase section */

/* Begin PBXSourcesBuildPhase section */
		FACB71E6286344B000239A61 /* Sources */ = {
			isa = PBXSourcesBuildPhase;
			buildActionMask = 2147483647;
			files = (
				FAFD9C0A2869076700CE8BE1 /* CityView.swift in Sources */,
				FACB71F0286344B000239A61 /* ContentView.swift in Sources */,
				FAFD9C062868AB0600CE8BE1 /* API.swift in Sources */,
				FA5FA914287E278500866FB9 /* SearchCity.swift in Sources */,
				FACB71EE286344B000239A61 /* apiWeatherApp.swift in Sources */,
			);
			runOnlyForDeploymentPostprocessing = 0;
		};
		FACB71F6286344B300239A61 /* Sources */ = {
			isa = PBXSourcesBuildPhase;
			buildActionMask = 2147483647;
			files = (
			);
			runOnlyForDeploymentPostprocessing = 0;
		};
		FACB7200286344B300239A61 /* Sources */ = {
			isa = PBXSourcesBuildPhase;
			buildActionMask = 2147483647;
			files = (
			);
			runOnlyForDeploymentPostprocessing = 0;
		};
/* End PBXSourcesBuildPhase section */

/* Begin PBXTargetDependency section */
		FACB71FC286344B300239A61 /* PBXTargetDependency */ = {
			isa = PBXTargetDependency;
			target = FACB71E9286344B000239A61 /* apiWeather */;
			targetProxy = FACB71FB286344B300239A61 /* PBXContainerItemProxy */;
		};
		FACB7206286344B300239A61 /* PBXTargetDependency */ = {
			isa = PBXTargetDependency;
			target = FACB71E9286344B000239A61 /* apiWeather */;
			targetProxy = FACB7205286344B300239A61 /* PBXContainerItemProxy */;
		};
/* End PBXTargetDependency section */

/* Begin XCBuildConfiguration section */
		FACB720C286344B300239A61 /* Debug */ = {
			isa = XCBuildConfiguration;
			buildSettings = {
				ALWAYS_SEARCH_USER_PATHS = NO;
				CLANG_ANALYZER_NONNULL = YES;
				CLANG_ANALYZER_NUMBER_OBJECT_CONVERSION = YES_AGGRESSIVE;
				CLANG_CXX_LANGUAGE_STANDARD = "gnu++17";
				CLANG_ENABLE_MODULES = YES;
				CLANG_ENABLE_OBJC_ARC = YES;
				CLANG_ENABLE_OBJC_WEAK = YES;
				CLANG_WARN_BLOCK_CAPTURE_AUTORELEASING = YES;
				CLANG_WARN_BOOL_CONVERSION = YES;
				CLANG_WARN_COMMA = YES;
				CLANG_WARN_CONSTANT_CONVERSION = YES;
				CLANG_WARN_DEPRECATED_OBJC_IMPLEMENTATIONS = YES;
				CLANG_WARN_DIRECT_OBJC_ISA_USAGE = YES_ERROR;
				CLANG_WARN_DOCUMENTATION_COMMENTS = YES;
				CLANG_WARN_EMPTY_BODY = YES;
				CLANG_WARN_ENUM_CONVERSION = YES;
				CLANG_WARN_INFINITE_RECURSION = YES;
				CLANG_WARN_INT_CONVERSION = YES;
				CLANG_WARN_NON_LITERAL_NULL_CONVERSION = YES;
				CLANG_WARN_OBJC_IMPLICIT_RETAIN_SELF = YES;
				CLANG_WARN_OBJC_LITERAL_CONVERSION = YES;
				CLANG_WARN_OBJC_ROOT_CLASS = YES_ERROR;
				CLANG_WARN_QUOTED_INCLUDE_IN_FRAMEWORK_HEADER = YES;
				CLANG_WARN_RANGE_LOOP_ANALYSIS = YES;
				CLANG_WARN_STRICT_PROTOTYPES = YES;
				CLANG_WARN_SUSPICIOUS_MOVE = YES;
				CLANG_WARN_UNGUARDED_AVAILABILITY = YES_AGGRESSIVE;
				CLANG_WARN_UNREACHABLE_CODE = YES;
				CLANG_WARN__DUPLICATE_METHOD_MATCH = YES;
				COPY_PHASE_STRIP = NO;
				DEBUG_INFORMATION_FORMAT = dwarf;
				ENABLE_STRICT_OBJC_MSGSEND = YES;
				ENABLE_TESTABILITY = YES;
				GCC_C_LANGUAGE_STANDARD = gnu11;
				GCC_DYNAMIC_NO_PIC = NO;
				GCC_NO_COMMON_BLOCKS = YES;
				GCC_OPTIMIZATION_LEVEL = 0;
				GCC_PREPROCESSOR_DEFINITIONS = (
					"DEBUG=1",
					"$(inherited)",
				);
				GCC_WARN_64_TO_32_BIT_CONVERSION = YES;
				GCC_WARN_ABOUT_RETURN_TYPE = YES_ERROR;
				GCC_WARN_UNDECLARED_SELECTOR = YES;
				GCC_WARN_UNINITIALIZED_AUTOS = YES_AGGRESSIVE;
				GCC_WARN_UNUSED_FUNCTION = YES;
				GCC_WARN_UNUSED_VARIABLE = YES;
				IPHONEOS_DEPLOYMENT_TARGET = 15.4;
				MTL_ENABLE_DEBUG_INFO = INCLUDE_SOURCE;
				MTL_FAST_MATH = YES;
				ONLY_ACTIVE_ARCH = YES;
				SDKROOT = iphoneos;
				SWIFT_ACTIVE_COMPILATION_CONDITIONS = DEBUG;
				SWIFT_OPTIMIZATION_LEVEL = "-Onone";
			};
			name = Debug;
		};
		FACB720D286344B300239A61 /* Release */ = {
			isa = XCBuildConfiguration;
			buildSettings = {
				ALWAYS_SEARCH_USER_PATHS = NO;
				CLANG_ANALYZER_NONNULL = YES;
				CLANG_ANALYZER_NUMBER_OBJECT_CONVERSION = YES_AGGRESSIVE;
				CLANG_CXX_LANGUAGE_STANDARD = "gnu++17";
				CLANG_ENABLE_MODULES = YES;
				CLANG_ENABLE_OBJC_ARC = YES;
				CLANG_ENABLE_OBJC_WEAK = YES;
				CLANG_WARN_BLOCK_CAPTURE_AUTORELEASING = YES;
				CLANG_WARN_BOOL_CONVERSION = YES;
				CLANG_WARN_COMMA = YES;
				CLANG_WARN_CONSTANT_CONVERSION = YES;
				CLANG_WARN_DEPRECATED_OBJC_IMPLEMENTATIONS = YES;
				CLANG_WARN_DIRECT_OBJC_ISA_USAGE = YES_ERROR;
				CLANG_WARN_DOCUMENTATION_COMMENTS = YES;
				CLANG_WARN_EMPTY_BODY = YES;
				CLANG_WARN_ENUM_CONVERSION = YES;
				CLANG_WARN_INFINITE_RECURSION = YES;
				CLANG_WARN_INT_CONVERSION = YES;
				CLANG_WARN_NON_LITERAL_NULL_CONVERSION = YES;
				CLANG_WARN_OBJC_IMPLICIT_RETAIN_SELF = YES;
				CLANG_WARN_OBJC_LITERAL_CONVERSION = YES;
				CLANG_WARN_OBJC_ROOT_CLASS = YES_ERROR;
				CLANG_WARN_QUOTED_INCLUDE_IN_FRAMEWORK_HEADER = YES;
				CLANG_WARN_RANGE_LOOP_ANALYSIS = YES;
				CLANG_WARN_STRICT_PROTOTYPES = YES;
				CLANG_WARN_SUSPICIOUS_MOVE = YES;
				CLANG_WARN_UNGUARDED_AVAILABILITY = YES_AGGRESSIVE;
				CLANG_WARN_UNREACHABLE_CODE = YES;
				CLANG_WARN__DUPLICATE_METHOD_MATCH = YES;
				COPY_PHASE_STRIP = NO;
				DEBUG_INFORMATION_FORMAT = "dwarf-with-dsym";
				ENABLE_NS_ASSERTIONS = NO;
				ENABLE_STRICT_OBJC_MSGSEND = YES;
				GCC_C_LANGUAGE_STANDARD = gnu11;
				GCC_NO_COMMON_BLOCKS = YES;
				GCC_WARN_64_TO_32_BIT_CONVERSION = YES;
				GCC_WARN_ABOUT_RETURN_TYPE = YES_ERROR;
				GCC_WARN_UNDECLARED_SELECTOR = YES;
				GCC_WARN_UNINITIALIZED_AUTOS = YES_AGGRESSIVE;
				GCC_WARN_UNUSED_FUNCTION = YES;
				GCC_WARN_UNUSED_VARIABLE = YES;
				IPHONEOS_DEPLOYMENT_TARGET = 15.4;
				MTL_ENABLE_DEBUG_INFO = NO;
				MTL_FAST_MATH = YES;
				SDKROOT = iphoneos;
				SWIFT_COMPILATION_MODE = wholemodule;
				SWIFT_OPTIMIZATION_LEVEL = "-O";
				VALIDATE_PRODUCT = YES;
			};
			name = Release;
		};
		FACB720F286344B300239A61 /* Debug */ = {
			isa = XCBuildConfiguration;
			buildSettings = {
				ASSETCATALOG_COMPILER_APPICON_NAME = AppIcon;
				ASSETCATALOG_COMPILER_GLOBAL_ACCENT_COLOR_NAME = AccentColor;
				CODE_SIGN_STYLE = Automatic;
				CURRENT_PROJECT_VERSION = 1;
				DEVELOPMENT_ASSET_PATHS = "\"apiWeather/Preview Content\"";
				DEVELOPMENT_TEAM = V9MKL24G85;
				ENABLE_PREVIEWS = YES;
				GENERATE_INFOPLIST_FILE = YES;
				INFOPLIST_KEY_UIApplicationSceneManifest_Generation = YES;
				INFOPLIST_KEY_UIApplicationSupportsIndirectInputEvents = YES;
				INFOPLIST_KEY_UILaunchScreen_Generation = YES;
				INFOPLIST_KEY_UISupportedInterfaceOrientations_iPad = "UIInterfaceOrientationPortrait UIInterfaceOrientationPortraitUpsideDown UIInterfaceOrientationLandscapeLeft UIInterfaceOrientationLandscapeRight";
				INFOPLIST_KEY_UISupportedInterfaceOrientations_iPhone = "UIInterfaceOrientationPortrait UIInterfaceOrientationLandscapeLeft UIInterfaceOrientationLandscapeRight";
				IPHONEOS_DEPLOYMENT_TARGET = 15.3;
				LD_RUNPATH_SEARCH_PATHS = (
					"$(inherited)",
					"@executable_path/Frameworks",
				);
				MARKETING_VERSION = 1.0;
				PRODUCT_BUNDLE_IDENTIFIER = vovkan09.apiWeather;
				PRODUCT_NAME = "$(TARGET_NAME)";
				SWIFT_EMIT_LOC_STRINGS = YES;
				SWIFT_VERSION = 5.0;
				TARGETED_DEVICE_FAMILY = "1,2";
			};
			name = Debug;
		};
		FACB7210286344B300239A61 /* Release */ = {
			isa = XCBuildConfiguration;
			buildSettings = {
				ASSETCATALOG_COMPILER_APPICON_NAME = AppIcon;
				ASSETCATALOG_COMPILER_GLOBAL_ACCENT_COLOR_NAME = AccentColor;
				CODE_SIGN_STYLE = Automatic;
				CURRENT_PROJECT_VERSION = 1;
				DEVELOPMENT_ASSET_PATHS = "\"apiWeather/Preview Content\"";
				DEVELOPMENT_TEAM = V9MKL24G85;
				ENABLE_PREVIEWS = YES;
				GENERATE_INFOPLIST_FILE = YES;
				INFOPLIST_KEY_UIApplicationSceneManifest_Generation = YES;
				INFOPLIST_KEY_UIApplicationSupportsIndirectInputEvents = YES;
				INFOPLIST_KEY_UILaunchScreen_Generation = YES;
				INFOPLIST_KEY_UISupportedInterfaceOrientations_iPad = "UIInterfaceOrientationPortrait UIInterfaceOrientationPortraitUpsideDown UIInterfaceOrientationLandscapeLeft UIInterfaceOrientationLandscapeRight";
				INFOPLIST_KEY_UISupportedInterfaceOrientations_iPhone = "UIInterfaceOrientationPortrait UIInterfaceOrientationLandscapeLeft UIInterfaceOrientationLandscapeRight";
				IPHONEOS_DEPLOYMENT_TARGET = 15.3;
				LD_RUNPATH_SEARCH_PATHS = (
					"$(inherited)",
					"@executable_path/Frameworks",
				);
				MARKETING_VERSION = 1.0;
				PRODUCT_BUNDLE_IDENTIFIER = vovkan09.apiWeather;
				PRODUCT_NAME = "$(TARGET_NAME)";
				SWIFT_EMIT_LOC_STRINGS = YES;
				SWIFT_VERSION = 5.0;
				TARGETED_DEVICE_FAMILY = "1,2";
			};
			name = Release;
		};
		FACB7212286344B300239A61 /* Debug */ = {
			isa = XCBuildConfiguration;
			buildSettings = {
				ALWAYS_EMBED_SWIFT_STANDARD_LIBRARIES = YES;
				BUNDLE_LOADER = "$(TEST_HOST)";
				CODE_SIGN_STYLE = Automatic;
				CURRENT_PROJECT_VERSION = 1;
				DEVELOPMENT_TEAM = V9MKL24G85;
				GENERATE_INFOPLIST_FILE = YES;
				IPHONEOS_DEPLOYMENT_TARGET = 15.4;
				MARKETING_VERSION = 1.0;
				PRODUCT_BUNDLE_IDENTIFIER = vovkan09.apiWeatherTests;
				PRODUCT_NAME = "$(TARGET_NAME)";
				SWIFT_EMIT_LOC_STRINGS = NO;
				SWIFT_VERSION = 5.0;
				TARGETED_DEVICE_FAMILY = "1,2";
				TEST_HOST = "$(BUILT_PRODUCTS_DIR)/apiWeather.app/apiWeather";
			};
			name = Debug;
		};
		FACB7213286344B300239A61 /* Release */ = {
			isa = XCBuildConfiguration;
			buildSettings = {
				ALWAYS_EMBED_SWIFT_STANDARD_LIBRARIES = YES;
				BUNDLE_LOADER = "$(TEST_HOST)";
				CODE_SIGN_STYLE = Automatic;
				CURRENT_PROJECT_VERSION = 1;
				DEVELOPMENT_TEAM = V9MKL24G85;
				GENERATE_INFOPLIST_FILE = YES;
				IPHONEOS_DEPLOYMENT_TARGET = 15.4;
				MARKETING_VERSION = 1.0;
				PRODUCT_BUNDLE_IDENTIFIER = vovkan09.apiWeatherTests;
				PRODUCT_NAME = "$(TARGET_NAME)";
				SWIFT_EMIT_LOC_STRINGS = NO;
				SWIFT_VERSION = 5.0;
				TARGETED_DEVICE_FAMILY = "1,2";
				TEST_HOST = "$(BUILT_PRODUCTS_DIR)/apiWeather.app/apiWeather";
			};
			name = Release;
		};
		FACB7215286344B300239A61 /* Debug */ = {
			isa = XCBuildConfiguration;
			buildSettings = {
				ALWAYS_EMBED_SWIFT_STANDARD_LIBRARIES = YES;
				CODE_SIGN_STYLE = Automatic;
				CURRENT_PROJECT_VERSION = 1;
				DEVELOPMENT_TEAM = V9MKL24G85;
				GENERATE_INFOPLIST_FILE = YES;
				MARKETING_VERSION = 1.0;
				PRODUCT_BUNDLE_IDENTIFIER = vovkan09.apiWeatherUITests;
				PRODUCT_NAME = "$(TARGET_NAME)";
				SWIFT_EMIT_LOC_STRINGS = NO;
				SWIFT_VERSION = 5.0;
				TARGETED_DEVICE_FAMILY = "1,2";
				TEST_TARGET_NAME = apiWeather;
			};
			name = Debug;
		};
		FACB7216286344B300239A61 /* Release */ = {
			isa = XCBuildConfiguration;
			buildSettings = {
				ALWAYS_EMBED_SWIFT_STANDARD_LIBRARIES = YES;
				CODE_SIGN_STYLE = Automatic;
				CURRENT_PROJECT_VERSION = 1;
				DEVELOPMENT_TEAM = V9MKL24G85;
				GENERATE_INFOPLIST_FILE = YES;
				MARKETING_VERSION = 1.0;
				PRODUCT_BUNDLE_IDENTIFIER = vovkan09.apiWeatherUITests;
				PRODUCT_NAME = "$(TARGET_NAME)";
				SWIFT_EMIT_LOC_STRINGS = NO;
				SWIFT_VERSION = 5.0;
				TARGETED_DEVICE_FAMILY = "1,2";
				TEST_TARGET_NAME = apiWeather;
			};
			name = Release;
		};
/* End XCBuildConfiguration section */

/* Begin XCConfigurationList section */
		FACB71E5286344B000239A61 /* Build configuration list for PBXProject "apiWeather" */ = {
			isa = XCConfigurationList;
			buildConfigurations = (
				FACB720C286344B300239A61 /* Debug */,
				FACB720D286344B300239A61 /* Release */,
			);
			defaultConfigurationIsVisible = 0;
			defaultConfigurationName = Release;
		};
		FACB720E286344B300239A61 /* Build configuration list for PBXNativeTarget "apiWeather" */ = {
			isa = XCConfigurationList;
			buildConfigurations = (
				FACB720F286344B300239A61 /* Debug */,
				FACB7210286344B300239A61 /* Release */,
			);
			defaultConfigurationIsVisible = 0;
			defaultConfigurationName = Release;
		};
		FACB7211286344B300239A61 /* Build configuration list for PBXNativeTarget "apiWeatherTests" */ = {
			isa = XCConfigurationList;
			buildConfigurations = (
				FACB7212286344B300239A61 /* Debug */,
				FACB7213286344B300239A61 /* Release */,
			);
			defaultConfigurationIsVisible = 0;
			defaultConfigurationName = Release;
		};
		FACB7214286344B300239A61 /* Build configuration list for PBXNativeTarget "apiWeatherUITests" */ = {
			isa = XCConfigurationList;
			buildConfigurations = (
				FACB7215286344B300239A61 /* Debug */,
				FACB7216286344B300239A61 /* Release */,
			);
			defaultConfigurationIsVisible = 0;
			defaultConfigurationName = Release;
		};
/* End XCConfigurationList section */
	};
	rootObject = FACB71E2286344B000239A61 /* Project object */;
}
